// !$*UTF8*$!
{
	archiveVersion = 1;
	classes = {
	};
	objectVersion = 51;
	objects = {

/* Begin PBXBuildFile section */
		9D7DF889EE2D29581BE0A1AF /* Pods_RadiON.framework in Frameworks */ = {isa = PBXBuildFile; fileRef = BD6DEE1CD6554A3267F9E2F5 /* Pods_RadiON.framework */; };
		C42469B0255BD241009592DF /* HalfCircularProgressView.swift in Sources */ = {isa = PBXBuildFile; fileRef = C42469AF255BD241009592DF /* HalfCircularProgressView.swift */; };
		C42469B5255C40AC009592DF /* MainTabBarController.swift in Sources */ = {isa = PBXBuildFile; fileRef = C42469B4255C40AC009592DF /* MainTabBarController.swift */; };
		C45B0F3B256E9618001AEE5A /* AssetsLoader.swift in Sources */ = {isa = PBXBuildFile; fileRef = C45B0F3A256E9618001AEE5A /* AssetsLoader.swift */; };
		C4623811255EEE1F00023F35 /* Location.swift in Sources */ = {isa = PBXBuildFile; fileRef = C4623810255EEE1F00023F35 /* Location.swift */; };
		C47FB991255B0B8B00BE4F2E /* AppDelegate.swift in Sources */ = {isa = PBXBuildFile; fileRef = C47FB990255B0B8B00BE4F2E /* AppDelegate.swift */; };
		C47FB993255B0B8B00BE4F2E /* SceneDelegate.swift in Sources */ = {isa = PBXBuildFile; fileRef = C47FB992255B0B8B00BE4F2E /* SceneDelegate.swift */; };
		C47FB995255B0B8B00BE4F2E /* ViewController.swift in Sources */ = {isa = PBXBuildFile; fileRef = C47FB994255B0B8B00BE4F2E /* ViewController.swift */; };
		C47FB998255B0B8B00BE4F2E /* Main.storyboard in Resources */ = {isa = PBXBuildFile; fileRef = C47FB996255B0B8B00BE4F2E /* Main.storyboard */; };
		C47FB99A255B0B8B00BE4F2E /* Assets.xcassets in Resources */ = {isa = PBXBuildFile; fileRef = C47FB999255B0B8B00BE4F2E /* Assets.xcassets */; };
		C47FB99D255B0B8B00BE4F2E /* LaunchScreen.storyboard in Resources */ = {isa = PBXBuildFile; fileRef = C47FB99B255B0B8B00BE4F2E /* LaunchScreen.storyboard */; };
		C497FA4C2562CCDC00E2DEFA /* NMapViewController.swift in Sources */ = {isa = PBXBuildFile; fileRef = C497FA4B2562CCDC00E2DEFA /* NMapViewController.swift */; };
		C497FA55256944BB00E2DEFA /* NetworkHandler.swift in Sources */ = {isa = PBXBuildFile; fileRef = C497FA54256944BB00E2DEFA /* NetworkHandler.swift */; };
		C497FA58256BB18F00E2DEFA /* Station.swift in Sources */ = {isa = PBXBuildFile; fileRef = C497FA57256BB18F00E2DEFA /* Station.swift */; };
/* End PBXBuildFile section */

/* Begin PBXFileReference section */
		39617C9F8D64E8C466ACBCBF /* Pods-RadiON.debug.xcconfig */ = {isa = PBXFileReference; includeInIndex = 1; lastKnownFileType = text.xcconfig; name = "Pods-RadiON.debug.xcconfig"; path = "Target Support Files/Pods-RadiON/Pods-RadiON.debug.xcconfig"; sourceTree = "<group>"; };
		BD6DEE1CD6554A3267F9E2F5 /* Pods_RadiON.framework */ = {isa = PBXFileReference; explicitFileType = wrapper.framework; includeInIndex = 0; path = Pods_RadiON.framework; sourceTree = BUILT_PRODUCTS_DIR; };
		C1EE314E18F7C44B6DF4DDD6 /* Pods-RadiON.release.xcconfig */ = {isa = PBXFileReference; includeInIndex = 1; lastKnownFileType = text.xcconfig; name = "Pods-RadiON.release.xcconfig"; path = "Target Support Files/Pods-RadiON/Pods-RadiON.release.xcconfig"; sourceTree = "<group>"; };
		C42469AF255BD241009592DF /* HalfCircularProgressView.swift */ = {isa = PBXFileReference; lastKnownFileType = sourcecode.swift; path = HalfCircularProgressView.swift; sourceTree = "<group>"; };
		C42469B4255C40AC009592DF /* MainTabBarController.swift */ = {isa = PBXFileReference; lastKnownFileType = sourcecode.swift; path = MainTabBarController.swift; sourceTree = "<group>"; };
		C45B0F3A256E9618001AEE5A /* AssetsLoader.swift */ = {isa = PBXFileReference; lastKnownFileType = sourcecode.swift; path = AssetsLoader.swift; sourceTree = "<group>"; };
		C4623810255EEE1F00023F35 /* Location.swift */ = {isa = PBXFileReference; lastKnownFileType = sourcecode.swift; path = Location.swift; sourceTree = "<group>"; };
		C47FB98D255B0B8B00BE4F2E /* RadiON.app */ = {isa = PBXFileReference; explicitFileType = wrapper.application; includeInIndex = 0; path = RadiON.app; sourceTree = BUILT_PRODUCTS_DIR; };
		C47FB990255B0B8B00BE4F2E /* AppDelegate.swift */ = {isa = PBXFileReference; lastKnownFileType = sourcecode.swift; path = AppDelegate.swift; sourceTree = "<group>"; };
		C47FB992255B0B8B00BE4F2E /* SceneDelegate.swift */ = {isa = PBXFileReference; lastKnownFileType = sourcecode.swift; path = SceneDelegate.swift; sourceTree = "<group>"; };
		C47FB994255B0B8B00BE4F2E /* ViewController.swift */ = {isa = PBXFileReference; lastKnownFileType = sourcecode.swift; path = ViewController.swift; sourceTree = "<group>"; };
		C47FB997255B0B8B00BE4F2E /* Base */ = {isa = PBXFileReference; lastKnownFileType = file.storyboard; name = Base; path = Base.lproj/Main.storyboard; sourceTree = "<group>"; };
		C47FB999255B0B8B00BE4F2E /* Assets.xcassets */ = {isa = PBXFileReference; lastKnownFileType = folder.assetcatalog; path = Assets.xcassets; sourceTree = "<group>"; };
		C47FB99C255B0B8B00BE4F2E /* Base */ = {isa = PBXFileReference; lastKnownFileType = file.storyboard; name = Base; path = Base.lproj/LaunchScreen.storyboard; sourceTree = "<group>"; };
		C47FB99E255B0B8B00BE4F2E /* Info.plist */ = {isa = PBXFileReference; lastKnownFileType = text.plist.xml; path = Info.plist; sourceTree = "<group>"; };
		C497FA4B2562CCDC00E2DEFA /* NMapViewController.swift */ = {isa = PBXFileReference; lastKnownFileType = sourcecode.swift; path = NMapViewController.swift; sourceTree = "<group>"; };
		C497FA54256944BB00E2DEFA /* NetworkHandler.swift */ = {isa = PBXFileReference; lastKnownFileType = sourcecode.swift; path = NetworkHandler.swift; sourceTree = "<group>"; };
		C497FA57256BB18F00E2DEFA /* Station.swift */ = {isa = PBXFileReference; lastKnownFileType = sourcecode.swift; path = Station.swift; sourceTree = "<group>"; };
/* End PBXFileReference section */

/* Begin PBXFrameworksBuildPhase section */
		C47FB98A255B0B8B00BE4F2E /* Frameworks */ = {
			isa = PBXFrameworksBuildPhase;
			buildActionMask = 2147483647;
			files = (
				9D7DF889EE2D29581BE0A1AF /* Pods_RadiON.framework in Frameworks */,
			);
			runOnlyForDeploymentPostprocessing = 0;
		};
/* End PBXFrameworksBuildPhase section */

/* Begin PBXGroup section */
		69D3A2E3D92C37EE6F26E8FA /* Frameworks */ = {
			isa = PBXGroup;
			children = (
				BD6DEE1CD6554A3267F9E2F5 /* Pods_RadiON.framework */,
			);
			name = Frameworks;
			sourceTree = "<group>";
		};
		94A74F45DE44B2DCC56C077D /* Pods */ = {
			isa = PBXGroup;
			children = (
				39617C9F8D64E8C466ACBCBF /* Pods-RadiON.debug.xcconfig */,
				C1EE314E18F7C44B6DF4DDD6 /* Pods-RadiON.release.xcconfig */,
			);
			path = Pods;
			sourceTree = "<group>";
		};
		C42469AD255BD1F2009592DF /* Views */ = {
			isa = PBXGroup;
			children = (
				C42469AF255BD241009592DF /* HalfCircularProgressView.swift */,
			);
			path = Views;
			sourceTree = "<group>";
		};
		C462380F255EEE1000023F35 /* Models */ = {
			isa = PBXGroup;
			children = (
				C4623810255EEE1F00023F35 /* Location.swift */,
				C497FA57256BB18F00E2DEFA /* Station.swift */,
				C45B0F3A256E9618001AEE5A /* AssetsLoader.swift */,
			);
			path = Models;
			sourceTree = "<group>";
		};
		C47FB984255B0B8A00BE4F2E = {
			isa = PBXGroup;
			children = (
				C47FB98F255B0B8B00BE4F2E /* RadiON */,
				C47FB98E255B0B8B00BE4F2E /* Products */,
				94A74F45DE44B2DCC56C077D /* Pods */,
				69D3A2E3D92C37EE6F26E8FA /* Frameworks */,
			);
			sourceTree = "<group>";
		};
		C47FB98E255B0B8B00BE4F2E /* Products */ = {
			isa = PBXGroup;
			children = (
				C47FB98D255B0B8B00BE4F2E /* RadiON.app */,
			);
			name = Products;
			sourceTree = "<group>";
		};
		C47FB98F255B0B8B00BE4F2E /* RadiON */ = {
			isa = PBXGroup;
			children = (
				C497FA4E2569434E00E2DEFA /* Network */,
				C462380F255EEE1000023F35 /* Models */,
				C42469AD255BD1F2009592DF /* Views */,
				C47FB990255B0B8B00BE4F2E /* AppDelegate.swift */,
				C47FB992255B0B8B00BE4F2E /* SceneDelegate.swift */,
				C47FB994255B0B8B00BE4F2E /* ViewController.swift */,
				C47FB996255B0B8B00BE4F2E /* Main.storyboard */,
				C47FB999255B0B8B00BE4F2E /* Assets.xcassets */,
				C47FB99B255B0B8B00BE4F2E /* LaunchScreen.storyboard */,
				C47FB99E255B0B8B00BE4F2E /* Info.plist */,
				C42469B4255C40AC009592DF /* MainTabBarController.swift */,
				C497FA4B2562CCDC00E2DEFA /* NMapViewController.swift */,
			);
			path = RadiON;
			sourceTree = "<group>";
		};
		C497FA4E2569434E00E2DEFA /* Network */ = {
			isa = PBXGroup;
			children = (
				C497FA54256944BB00E2DEFA /* NetworkHandler.swift */,
			);
			path = Network;
			sourceTree = "<group>";
		};
/* End PBXGroup section */

/* Begin PBXNativeTarget section */
		C47FB98C255B0B8B00BE4F2E /* RadiON */ = {
			isa = PBXNativeTarget;
			buildConfigurationList = C47FB9A1255B0B8B00BE4F2E /* Build configuration list for PBXNativeTarget "RadiON" */;
			buildPhases = (
				10A1B42A062636B4F3B047CA /* [CP] Check Pods Manifest.lock */,
				C47FB989255B0B8B00BE4F2E /* Sources */,
				C47FB98A255B0B8B00BE4F2E /* Frameworks */,
				C47FB98B255B0B8B00BE4F2E /* Resources */,
				71B1FFF496B6BC5E8C5ED9EB /* [CP] Embed Pods Frameworks */,
			);
			buildRules = (
			);
			dependencies = (
			);
			name = RadiON;
			productName = RadiON;
			productReference = C47FB98D255B0B8B00BE4F2E /* RadiON.app */;
			productType = "com.apple.product-type.application";
		};
/* End PBXNativeTarget section */

/* Begin PBXProject section */
		C47FB985255B0B8B00BE4F2E /* Project object */ = {
			isa = PBXProject;
			attributes = {
				LastSwiftUpdateCheck = 1210;
				LastUpgradeCheck = 1210;
				TargetAttributes = {
					C47FB98C255B0B8B00BE4F2E = {
						CreatedOnToolsVersion = 12.1;
					};
				};
			};
			buildConfigurationList = C47FB988255B0B8B00BE4F2E /* Build configuration list for PBXProject "RadiON" */;
			compatibilityVersion = "Xcode 9.3";
			developmentRegion = en;
			hasScannedForEncodings = 0;
			knownRegions = (
				en,
				Base,
			);
			mainGroup = C47FB984255B0B8A00BE4F2E;
			productRefGroup = C47FB98E255B0B8B00BE4F2E /* Products */;
			projectDirPath = "";
			projectRoot = "";
			targets = (
				C47FB98C255B0B8B00BE4F2E /* RadiON */,
			);
		};
/* End PBXProject section */

/* Begin PBXResourcesBuildPhase section */
		C47FB98B255B0B8B00BE4F2E /* Resources */ = {
			isa = PBXResourcesBuildPhase;
			buildActionMask = 2147483647;
			files = (
				C47FB99D255B0B8B00BE4F2E /* LaunchScreen.storyboard in Resources */,
				C47FB99A255B0B8B00BE4F2E /* Assets.xcassets in Resources */,
				C47FB998255B0B8B00BE4F2E /* Main.storyboard in Resources */,
			);
			runOnlyForDeploymentPostprocessing = 0;
		};
/* End PBXResourcesBuildPhase section */

/* Begin PBXShellScriptBuildPhase section */
		10A1B42A062636B4F3B047CA /* [CP] Check Pods Manifest.lock */ = {
			isa = PBXShellScriptBuildPhase;
			buildActionMask = 2147483647;
			files = (
			);
			inputFileListPaths = (
			);
			inputPaths = (
				"${PODS_PODFILE_DIR_PATH}/Podfile.lock",
				"${PODS_ROOT}/Manifest.lock",
			);
			name = "[CP] Check Pods Manifest.lock";
			outputFileListPaths = (
			);
			outputPaths = (
				"$(DERIVED_FILE_DIR)/Pods-RadiON-checkManifestLockResult.txt",
			);
			runOnlyForDeploymentPostprocessing = 0;
			shellPath = /bin/sh;
			shellScript = "diff \"${PODS_PODFILE_DIR_PATH}/Podfile.lock\" \"${PODS_ROOT}/Manifest.lock\" > /dev/null\nif [ $? != 0 ] ; then\n    # print error to STDERR\n    echo \"error: The sandbox is not in sync with the Podfile.lock. Run 'pod install' or update your CocoaPods installation.\" >&2\n    exit 1\nfi\n# This output is used by Xcode 'outputs' to avoid re-running this script phase.\necho \"SUCCESS\" > \"${SCRIPT_OUTPUT_FILE_0}\"\n";
			showEnvVarsInLog = 0;
		};
		71B1FFF496B6BC5E8C5ED9EB /* [CP] Embed Pods Frameworks */ = {
			isa = PBXShellScriptBuildPhase;
			buildActionMask = 2147483647;
			files = (
			);
			inputFileListPaths = (
				"${PODS_ROOT}/Target Support Files/Pods-RadiON/Pods-RadiON-frameworks-${CONFIGURATION}-input-files.xcfilelist",
			);
			name = "[CP] Embed Pods Frameworks";
			outputFileListPaths = (
				"${PODS_ROOT}/Target Support Files/Pods-RadiON/Pods-RadiON-frameworks-${CONFIGURATION}-output-files.xcfilelist",
			);
			runOnlyForDeploymentPostprocessing = 0;
			shellPath = /bin/sh;
			shellScript = "\"${PODS_ROOT}/Target Support Files/Pods-RadiON/Pods-RadiON-frameworks.sh\"\n";
			showEnvVarsInLog = 0;
		};
/* End PBXShellScriptBuildPhase section */

/* Begin PBXSourcesBuildPhase section */
		C47FB989255B0B8B00BE4F2E /* Sources */ = {
			isa = PBXSourcesBuildPhase;
			buildActionMask = 2147483647;
			files = (
				C47FB995255B0B8B00BE4F2E /* ViewController.swift in Sources */,
				C497FA58256BB18F00E2DEFA /* Station.swift in Sources */,
				C42469B0255BD241009592DF /* HalfCircularProgressView.swift in Sources */,
				C45B0F3B256E9618001AEE5A /* AssetsLoader.swift in Sources */,
				C42469B5255C40AC009592DF /* MainTabBarController.swift in Sources */,
				C47FB991255B0B8B00BE4F2E /* AppDelegate.swift in Sources */,
				C4623811255EEE1F00023F35 /* Location.swift in Sources */,
				C47FB993255B0B8B00BE4F2E /* SceneDelegate.swift in Sources */,
				C497FA4C2562CCDC00E2DEFA /* NMapViewController.swift in Sources */,
				C497FA55256944BB00E2DEFA /* NetworkHandler.swift in Sources */,
			);
			runOnlyForDeploymentPostprocessing = 0;
		};
/* End PBXSourcesBuildPhase section */

/* Begin PBXVariantGroup section */
		C47FB996255B0B8B00BE4F2E /* Main.storyboard */ = {
			isa = PBXVariantGroup;
			children = (
				C47FB997255B0B8B00BE4F2E /* Base */,
			);
			name = Main.storyboard;
			sourceTree = "<group>";
		};
		C47FB99B255B0B8B00BE4F2E /* LaunchScreen.storyboard */ = {
			isa = PBXVariantGroup;
			children = (
				C47FB99C255B0B8B00BE4F2E /* Base */,
			);
			name = LaunchScreen.storyboard;
			sourceTree = "<group>";
		};
/* End PBXVariantGroup section */

/* Begin XCBuildConfiguration section */
		C47FB99F255B0B8B00BE4F2E /* Debug */ = {
			isa = XCBuildConfiguration;
			buildSettings = {
				ALWAYS_SEARCH_USER_PATHS = NO;
				CLANG_ANALYZER_NONNULL = YES;
				CLANG_ANALYZER_NUMBER_OBJECT_CONVERSION = YES_AGGRESSIVE;
				CLANG_CXX_LANGUAGE_STANDARD = "gnu++14";
				CLANG_CXX_LIBRARY = "libc++";
				CLANG_ENABLE_MODULES = YES;
				CLANG_ENABLE_OBJC_ARC = YES;
				CLANG_ENABLE_OBJC_WEAK = YES;
				CLANG_WARN_BLOCK_CAPTURE_AUTORELEASING = YES;
				CLANG_WARN_BOOL_CONVERSION = YES;
				CLANG_WARN_COMMA = YES;
				CLANG_WARN_CONSTANT_CONVERSION = YES;
				CLANG_WARN_DEPRECATED_OBJC_IMPLEMENTATIONS = YES;
				CLANG_WARN_DIRECT_OBJC_ISA_USAGE = YES_ERROR;
				CLANG_WARN_DOCUMENTATION_COMMENTS = YES;
				CLANG_WARN_EMPTY_BODY = YES;
				CLANG_WARN_ENUM_CONVERSION = YES;
				CLANG_WARN_INFINITE_RECURSION = YES;
				CLANG_WARN_INT_CONVERSION = YES;
				CLANG_WARN_NON_LITERAL_NULL_CONVERSION = YES;
				CLANG_WARN_OBJC_IMPLICIT_RETAIN_SELF = YES;
				CLANG_WARN_OBJC_LITERAL_CONVERSION = YES;
				CLANG_WARN_OBJC_ROOT_CLASS = YES_ERROR;
				CLANG_WARN_QUOTED_INCLUDE_IN_FRAMEWORK_HEADER = YES;
				CLANG_WARN_RANGE_LOOP_ANALYSIS = YES;
				CLANG_WARN_STRICT_PROTOTYPES = YES;
				CLANG_WARN_SUSPICIOUS_MOVE = YES;
				CLANG_WARN_UNGUARDED_AVAILABILITY = YES_AGGRESSIVE;
				CLANG_WARN_UNREACHABLE_CODE = YES;
				CLANG_WARN__DUPLICATE_METHOD_MATCH = YES;
				COPY_PHASE_STRIP = NO;
				DEBUG_INFORMATION_FORMAT = dwarf;
				ENABLE_STRICT_OBJC_MSGSEND = YES;
				ENABLE_TESTABILITY = YES;
				GCC_C_LANGUAGE_STANDARD = gnu11;
				GCC_DYNAMIC_NO_PIC = NO;
				GCC_NO_COMMON_BLOCKS = YES;
				GCC_OPTIMIZATION_LEVEL = 0;
				GCC_PREPROCESSOR_DEFINITIONS = (
					"DEBUG=1",
					"$(inherited)",
				);
				GCC_WARN_64_TO_32_BIT_CONVERSION = YES;
				GCC_WARN_ABOUT_RETURN_TYPE = YES_ERROR;
				GCC_WARN_UNDECLARED_SELECTOR = YES;
				GCC_WARN_UNINITIALIZED_AUTOS = YES_AGGRESSIVE;
				GCC_WARN_UNUSED_FUNCTION = YES;
				GCC_WARN_UNUSED_VARIABLE = YES;
				IPHONEOS_DEPLOYMENT_TARGET = 14.1;
				MTL_ENABLE_DEBUG_INFO = INCLUDE_SOURCE;
				MTL_FAST_MATH = YES;
				ONLY_ACTIVE_ARCH = YES;
				SDKROOT = iphoneos;
				SWIFT_ACTIVE_COMPILATION_CONDITIONS = DEBUG;
				SWIFT_OPTIMIZATION_LEVEL = "-Onone";
			};
			name = Debug;
		};
		C47FB9A0255B0B8B00BE4F2E /* Release */ = {
			isa = XCBuildConfiguration;
			buildSettings = {
				ALWAYS_SEARCH_USER_PATHS = NO;
				CLANG_ANALYZER_NONNULL = YES;
				CLANG_ANALYZER_NUMBER_OBJECT_CONVERSION = YES_AGGRESSIVE;
				CLANG_CXX_LANGUAGE_STANDARD = "gnu++14";
				CLANG_CXX_LIBRARY = "libc++";
				CLANG_ENABLE_MODULES = YES;
				CLANG_ENABLE_OBJC_ARC = YES;
				CLANG_ENABLE_OBJC_WEAK = YES;
				CLANG_WARN_BLOCK_CAPTURE_AUTORELEASING = YES;
				CLANG_WARN_BOOL_CONVERSION = YES;
				CLANG_WARN_COMMA = YES;
				CLANG_WARN_CONSTANT_CONVERSION = YES;
				CLANG_WARN_DEPRECATED_OBJC_IMPLEMENTATIONS = YES;
				CLANG_WARN_DIRECT_OBJC_ISA_USAGE = YES_ERROR;
				CLANG_WARN_DOCUMENTATION_COMMENTS = YES;
				CLANG_WARN_EMPTY_BODY = YES;
				CLANG_WARN_ENUM_CONVERSION = YES;
				CLANG_WARN_INFINITE_RECURSION = YES;
				CLANG_WARN_INT_CONVERSION = YES;
				CLANG_WARN_NON_LITERAL_NULL_CONVERSION = YES;
				CLANG_WARN_OBJC_IMPLICIT_RETAIN_SELF = YES;
				CLANG_WARN_OBJC_LITERAL_CONVERSION = YES;
				CLANG_WARN_OBJC_ROOT_CLASS = YES_ERROR;
				CLANG_WARN_QUOTED_INCLUDE_IN_FRAMEWORK_HEADER = YES;
				CLANG_WARN_RANGE_LOOP_ANALYSIS = YES;
				CLANG_WARN_STRICT_PROTOTYPES = YES;
				CLANG_WARN_SUSPICIOUS_MOVE = YES;
				CLANG_WARN_UNGUARDED_AVAILABILITY = YES_AGGRESSIVE;
				CLANG_WARN_UNREACHABLE_CODE = YES;
				CLANG_WARN__DUPLICATE_METHOD_MATCH = YES;
				COPY_PHASE_STRIP = NO;
				DEBUG_INFORMATION_FORMAT = "dwarf-with-dsym";
				ENABLE_NS_ASSERTIONS = NO;
				ENABLE_STRICT_OBJC_MSGSEND = YES;
				GCC_C_LANGUAGE_STANDARD = gnu11;
				GCC_NO_COMMON_BLOCKS = YES;
				GCC_WARN_64_TO_32_BIT_CONVERSION = YES;
				GCC_WARN_ABOUT_RETURN_TYPE = YES_ERROR;
				GCC_WARN_UNDECLARED_SELECTOR = YES;
				GCC_WARN_UNINITIALIZED_AUTOS = YES_AGGRESSIVE;
				GCC_WARN_UNUSED_FUNCTION = YES;
				GCC_WARN_UNUSED_VARIABLE = YES;
				IPHONEOS_DEPLOYMENT_TARGET = 14.1;
				MTL_ENABLE_DEBUG_INFO = NO;
				MTL_FAST_MATH = YES;
				SDKROOT = iphoneos;
				SWIFT_COMPILATION_MODE = wholemodule;
				SWIFT_OPTIMIZATION_LEVEL = "-O";
				VALIDATE_PRODUCT = YES;
			};
			name = Release;
		};
		C47FB9A2255B0B8B00BE4F2E /* Debug */ = {
			isa = XCBuildConfiguration;
			baseConfigurationReference = 39617C9F8D64E8C466ACBCBF /* Pods-RadiON.debug.xcconfig */;
			buildSettings = {
				ASSETCATALOG_COMPILER_APPICON_NAME = AppIcon;
				ASSETCATALOG_COMPILER_GLOBAL_ACCENT_COLOR_NAME = AccentColor;
				CODE_SIGN_STYLE = Automatic;
				DEVELOPMENT_TEAM = J8CB2X29B5;
				INFOPLIST_FILE = RadiON/Info.plist;
				LD_RUNPATH_SEARCH_PATHS = (
					"$(inherited)",
					"@executable_path/Frameworks",
				);
				PRODUCT_BUNDLE_IDENTIFIER = com.jinhong.RadiON;
				PRODUCT_NAME = "$(TARGET_NAME)";
				SWIFT_VERSION = 5.0;
				TARGETED_DEVICE_FAMILY = 1;
			};
			name = Debug;
		};
		C47FB9A3255B0B8B00BE4F2E /* Release */ = {
			isa = XCBuildConfiguration;
			baseConfigurationReference = C1EE314E18F7C44B6DF4DDD6 /* Pods-RadiON.release.xcconfig */;
			buildSettings = {
				ASSETCATALOG_COMPILER_APPICON_NAME = AppIcon;
				ASSETCATALOG_COMPILER_GLOBAL_ACCENT_COLOR_NAME = AccentColor;
				CODE_SIGN_STYLE = Automatic;
				DEVELOPMENT_TEAM = J8CB2X29B5;
				INFOPLIST_FILE = RadiON/Info.plist;
				LD_RUNPATH_SEARCH_PATHS = (
					"$(inherited)",
					"@executable_path/Frameworks",
				);
				PRODUCT_BUNDLE_IDENTIFIER = com.jinhong.RadiON;
				PRODUCT_NAME = "$(TARGET_NAME)";
				SWIFT_VERSION = 5.0;
				TARGETED_DEVICE_FAMILY = 1;
			};
			name = Release;
		};
/* End XCBuildConfiguration section */

/* Begin XCConfigurationList section */
		C47FB988255B0B8B00BE4F2E /* Build configuration list for PBXProject "RadiON" */ = {
			isa = XCConfigurationList;
			buildConfigurations = (
				C47FB99F255B0B8B00BE4F2E /* Debug */,
				C47FB9A0255B0B8B00BE4F2E /* Release */,
			);
			defaultConfigurationIsVisible = 0;
			defaultConfigurationName = Release;
		};
		C47FB9A1255B0B8B00BE4F2E /* Build configuration list for PBXNativeTarget "RadiON" */ = {
			isa = XCConfigurationList;
			buildConfigurations = (
				C47FB9A2255B0B8B00BE4F2E /* Debug */,
				C47FB9A3255B0B8B00BE4F2E /* Release */,
			);
			defaultConfigurationIsVisible = 0;
			defaultConfigurationName = Release;
		};
/* End XCConfigurationList section */
	};
	rootObject = C47FB985255B0B8B00BE4F2E /* Project object */;
}
